
Microsoft Visual Studio Solution File, Format Version 12.00
# Visual Studio Version 17
VisualStudioVersion = 17.0.31903.59
MinimumVisualStudioVersion = 10.0.40219.1
Project("{9A19103F-16F7-4668-BE54-9A1E7A4F7556}") = "WooDev.Model", "WooDev.Model\WooDev.Model.csproj", "{7B679A0F-622B-4340-85CC-87BE265DF607}"
EndProject
Project("{9A19103F-16F7-4668-BE54-9A1E7A4F7556}") = "WooDev.ViewModel", "WooDev.ViewModel\WooDev.ViewModel.csproj", "{5EFAD6BE-E665-464E-887B-9B7F4D4B41F1}"
EndProject
Project("{9A19103F-16F7-4668-BE54-9A1E7A4F7556}") = "WooDev.Services", "WooDev.Services\WooDev.Services.csproj", "{EC0A0786-4E02-496D-8D5C-2CE3C4BFAF07}"
EndProject
Project("{9A19103F-16F7-4668-BE54-9A1E7A4F7556}") = "WooDev.IServices", "WooDev.IServices\WooDev.IServices.csproj", "{4B389AFA-E612-426F-9826-0CEA5AD45833}"
EndProject
Project("{9A19103F-16F7-4668-BE54-9A1E7A4F7556}") = "WooDev.WebApi", "WooDev.WebApi\WooDev.WebApi.csproj", "{FBED4E9C-85FB-44FF-BA44-C1E532AEED88}"
EndProject
Project("{9A19103F-16F7-4668-BE54-9A1E7A4F7556}") = "WooDev.Common", "WooDev.Common\WooDev.Common.csproj", "{A525B9FD-4CD4-4864-B794-2F1D05A6639E}"
EndProject
Project("{2150E333-8FDC-42A3-9474-1A3956D46DE8}") = "Common", "Common", "{77DD5A0C-BC4F-4B8C-8AEB-FA946DCE89AE}"
EndProject
Project("{2150E333-8FDC-42A3-9474-1A3956D46DE8}") = "Model", "Model", "{88CFA9BA-AC19-4749-A641-360AFBCCDF87}"
EndProject
Project("{2150E333-8FDC-42A3-9474-1A3956D46DE8}") = "Service", "Service", "{48E7D102-86D6-4027-A9B4-BDE6B696A3B4}"
EndProject
Project("{9A19103F-16F7-4668-BE54-9A1E7A4F7556}") = "SqlSugarORM.ConsoleApp", "SqlSugarORM.ConsoleApp\SqlSugarORM.ConsoleApp.csproj", "{F727E671-8273-48EA-A8EE-83E1E941E097}"
EndProject
Project("{9A19103F-16F7-4668-BE54-9A1E7A4F7556}") = "WooDev.WebCommon", "WooDev.WebCommon\WooDev.WebCommon.csproj", "{44430F06-C2C3-43D8-A973-4859E62FE88E}"
EndProject
Project("{9A19103F-16F7-4668-BE54-9A1E7A4F7556}") = "WooDev.AutoMapper", "WooDev.AutoMapper\WooDev.AutoMapper.csproj", "{53A22787-78AB-44ED-A8DA-C4C9730EAE80}"
EndProject
Project("{9A19103F-16F7-4668-BE54-9A1E7A4F7556}") = "WooDev.Auth", "WooDev.Auth\WooDev.Auth.csproj", "{FA748886-1DCE-4CBD-AED1-AD946AD6FDAE}"
EndProject
Project("{9A19103F-16F7-4668-BE54-9A1E7A4F7556}") = "WooDeV.UnitTest", "WooDeV.UnitTest\WooDeV.UnitTest.csproj", "{70339331-D644-48AC-BE93-17C507E78139}"
EndProject
Global
	GlobalSection(SolutionConfigurationPlatforms) = preSolution
		Debug|Any CPU = Debug|Any CPU
		Release|Any CPU = Release|Any CPU
	EndGlobalSection
	GlobalSection(ProjectConfigurationPlatforms) = postSolution
		{7B679A0F-622B-4340-85CC-87BE265DF607}.Debug|Any CPU.ActiveCfg = Debug|Any CPU
		{7B679A0F-622B-4340-85CC-87BE265DF607}.Debug|Any CPU.Build.0 = Debug|Any CPU
		{7B679A0F-622B-4340-85CC-87BE265DF607}.Release|Any CPU.ActiveCfg = Release|Any CPU
		{7B679A0F-622B-4340-85CC-87BE265DF607}.Release|Any CPU.Build.0 = Release|Any CPU
		{5EFAD6BE-E665-464E-887B-9B7F4D4B41F1}.Debug|Any CPU.ActiveCfg = Debug|Any CPU
		{5EFAD6BE-E665-464E-887B-9B7F4D4B41F1}.Debug|Any CPU.Build.0 = Debug|Any CPU
		{5EFAD6BE-E665-464E-887B-9B7F4D4B41F1}.Release|Any CPU.ActiveCfg = Release|Any CPU
		{5EFAD6BE-E665-464E-887B-9B7F4D4B41F1}.Release|Any CPU.Build.0 = Release|Any CPU
		{EC0A0786-4E02-496D-8D5C-2CE3C4BFAF07}.Debug|Any CPU.ActiveCfg = Debug|Any CPU
		{EC0A0786-4E02-496D-8D5C-2CE3C4BFAF07}.Debug|Any CPU.Build.0 = Debug|Any CPU
		{EC0A0786-4E02-496D-8D5C-2CE3C4BFAF07}.Release|Any CPU.ActiveCfg = Release|Any CPU
		{EC0A0786-4E02-496D-8D5C-2CE3C4BFAF07}.Release|Any CPU.Build.0 = Release|Any CPU
		{4B389AFA-E612-426F-9826-0CEA5AD45833}.Debug|Any CPU.ActiveCfg = Debug|Any CPU
		{4B389AFA-E612-426F-9826-0CEA5AD45833}.Debug|Any CPU.Build.0 = Debug|Any CPU
		{4B389AFA-E612-426F-9826-0CEA5AD45833}.Release|Any CPU.ActiveCfg = Release|Any CPU
		{4B389AFA-E612-426F-9826-0CEA5AD45833}.Release|Any CPU.Build.0 = Release|Any CPU
		{FBED4E9C-85FB-44FF-BA44-C1E532AEED88}.Debug|Any CPU.ActiveCfg = Debug|Any CPU
		{FBED4E9C-85FB-44FF-BA44-C1E532AEED88}.Debug|Any CPU.Build.0 = Debug|Any CPU
		{FBED4E9C-85FB-44FF-BA44-C1E532AEED88}.Release|Any CPU.ActiveCfg = Release|Any CPU
		{FBED4E9C-85FB-44FF-BA44-C1E532AEED88}.Release|Any CPU.Build.0 = Release|Any CPU
		{A525B9FD-4CD4-4864-B794-2F1D05A6639E}.Debug|Any CPU.ActiveCfg = Debug|Any CPU
		{A525B9FD-4CD4-4864-B794-2F1D05A6639E}.Debug|Any CPU.Build.0 = Debug|Any CPU
		{A525B9FD-4CD4-4864-B794-2F1D05A6639E}.Release|Any CPU.ActiveCfg = Release|Any CPU
		{A525B9FD-4CD4-4864-B794-2F1D05A6639E}.Release|Any CPU.Build.0 = Release|Any CPU
		{F727E671-8273-48EA-A8EE-83E1E941E097}.Debug|Any CPU.ActiveCfg = Debug|Any CPU
		{F727E671-8273-48EA-A8EE-83E1E941E097}.Debug|Any CPU.Build.0 = Debug|Any CPU
		{F727E671-8273-48EA-A8EE-83E1E941E097}.Release|Any CPU.ActiveCfg = Release|Any CPU
		{F727E671-8273-48EA-A8EE-83E1E941E097}.Release|Any CPU.Build.0 = Release|Any CPU
		{44430F06-C2C3-43D8-A973-4859E62FE88E}.Debug|Any CPU.ActiveCfg = Debug|Any CPU
		{44430F06-C2C3-43D8-A973-4859E62FE88E}.Debug|Any CPU.Build.0 = Debug|Any CPU
		{44430F06-C2C3-43D8-A973-4859E62FE88E}.Release|Any CPU.ActiveCfg = Release|Any CPU
		{44430F06-C2C3-43D8-A973-4859E62FE88E}.Release|Any CPU.Build.0 = Release|Any CPU
		{53A22787-78AB-44ED-A8DA-C4C9730EAE80}.Debug|Any CPU.ActiveCfg = Debug|Any CPU
		{53A22787-78AB-44ED-A8DA-C4C9730EAE80}.Debug|Any CPU.Build.0 = Debug|Any CPU
		{53A22787-78AB-44ED-A8DA-C4C9730EAE80}.Release|Any CPU.ActiveCfg = Release|Any CPU
		{53A22787-78AB-44ED-A8DA-C4C9730EAE80}.Release|Any CPU.Build.0 = Release|Any CPU
		{FA748886-1DCE-4CBD-AED1-AD946AD6FDAE}.Debug|Any CPU.ActiveCfg = Debug|Any CPU
		{FA748886-1DCE-4CBD-AED1-AD946AD6FDAE}.Debug|Any CPU.Build.0 = Debug|Any CPU
		{FA748886-1DCE-4CBD-AED1-AD946AD6FDAE}.Release|Any CPU.ActiveCfg = Release|Any CPU
		{FA748886-1DCE-4CBD-AED1-AD946AD6FDAE}.Release|Any CPU.Build.0 = Release|Any CPU
		{70339331-D644-48AC-BE93-17C507E78139}.Debug|Any CPU.ActiveCfg = Debug|Any CPU
		{70339331-D644-48AC-BE93-17C507E78139}.Debug|Any CPU.Build.0 = Debug|Any CPU
		{70339331-D644-48AC-BE93-17C507E78139}.Release|Any CPU.ActiveCfg = Release|Any CPU
		{70339331-D644-48AC-BE93-17C507E78139}.Release|Any CPU.Build.0 = Release|Any CPU
	EndGlobalSection
	GlobalSection(SolutionProperties) = preSolution
		HideSolutionNode = FALSE
	EndGlobalSection
	GlobalSection(NestedProjects) = preSolution
		{7B679A0F-622B-4340-85CC-87BE265DF607} = {88CFA9BA-AC19-4749-A641-360AFBCCDF87}
		{5EFAD6BE-E665-464E-887B-9B7F4D4B41F1} = {88CFA9BA-AC19-4749-A641-360AFBCCDF87}
		{EC0A0786-4E02-496D-8D5C-2CE3C4BFAF07} = {48E7D102-86D6-4027-A9B4-BDE6B696A3B4}
		{4B389AFA-E612-426F-9826-0CEA5AD45833} = {48E7D102-86D6-4027-A9B4-BDE6B696A3B4}
		{A525B9FD-4CD4-4864-B794-2F1D05A6639E} = {77DD5A0C-BC4F-4B8C-8AEB-FA946DCE89AE}
		{44430F06-C2C3-43D8-A973-4859E62FE88E} = {77DD5A0C-BC4F-4B8C-8AEB-FA946DCE89AE}
		{53A22787-78AB-44ED-A8DA-C4C9730EAE80} = {77DD5A0C-BC4F-4B8C-8AEB-FA946DCE89AE}
		{FA748886-1DCE-4CBD-AED1-AD946AD6FDAE} = {77DD5A0C-BC4F-4B8C-8AEB-FA946DCE89AE}
	EndGlobalSection
	GlobalSection(ExtensibilityGlobals) = postSolution
		SolutionGuid = {EB6C7BB0-F2B8-4B73-9F33-BCDE19BB4F3C}
	EndGlobalSection
EndGlobal
